# THIS IS AN AUTOGENERATED FILE. DO NOT EDIT THIS FILE DIRECTLY.
# yarn lockfile v1


"@adraffy/ens-normalize@1.9.0":
  version "1.9.0"
  resolved "https://registry.npmjs.org/@adraffy/ens-normalize/-/ens-normalize-1.9.0.tgz"
  integrity sha512-iowxq3U30sghZotgl4s/oJRci6WPBfNO5YYgk2cIOMCHr3LeGPcsZjCEr+33Q4N+oV3OABDAtA+pyvWjbvBifQ==

"@noble/hashes@1.1.2":
  version "1.1.2"
  resolved "https://registry.npmjs.org/@noble/hashes/-/hashes-1.1.2.tgz"
  integrity sha512-KYRCASVTv6aeUi1tsF8/vpyR7zpfs3FUzy2Jqm+MU+LmUKhQ0y2FpfwqkCcxSg2ua4GALJd8k2R76WxwZGbQpA==

"@noble/secp256k1@1.7.1":
  version "1.7.1"
  resolved "https://registry.npmjs.org/@noble/secp256k1/-/secp256k1-1.7.1.tgz"
  integrity sha512-hOUk6AyBFmqVrv7k5WAw/LpszxVbj9gGN4JRkIX52fdFAj1UA61KXmZDvqVEm+pOyec3+fIeZB02LYa/pWOArw==

"@types/node@*", "@types/node@^18.15.11":
  version "18.15.11"
  resolved "https://registry.npmjs.org/@types/node/-/node-18.15.11.tgz"
  integrity sha512-E5Kwq2n4SbMzQOn6wnmBjuK9ouqlURrcZDVfbo9ftDDTFt3nk7ZKK4GMOzoYgnpQJKcxwQw+lGaBvvlMo0qN/Q==

"@types/prompts@^2.4.4":
  version "2.4.4"
  resolved "https://registry.yarnpkg.com/@types/prompts/-/prompts-2.4.4.tgz#dd5a1d41cb1bcd0fc4464bf44a0c8354f36ea735"
  integrity sha512-p5N9uoTH76lLvSAaYSZtBCdEXzpOOufsRjnhjVSrZGXikVGHX9+cc9ERtHRV4hvBKHyZb1bg4K+56Bd2TqUn4A==
  dependencies:
    "@types/node" "*"
    kleur "^3.0.3"

aes-js@4.0.0-beta.3:
  version "4.0.0-beta.3"
  resolved "https://registry.npmjs.org/aes-js/-/aes-js-4.0.0-beta.3.tgz"
  integrity sha512-/xJX0/VTPcbc5xQE2VUP91y1xN8q/rDfhEzLm+vLc3hYvb5+qHCnpJRuFcrKn63zumK/sCwYYzhG8HP78JYSTA==

ethers@^6.3.0:
  version "6.3.0"
  resolved "https://registry.npmjs.org/ethers/-/ethers-6.3.0.tgz"
  integrity sha512-CKFYvTne1YT4S1glTiu7TgGsj0t6c6GAD7evrIk8zbeUb6nK8dcUPAiAWM8uDX/1NmRTvLM9+1Vnn49hwKtEzw==
  dependencies:
    "@adraffy/ens-normalize" "1.9.0"
    "@noble/hashes" "1.1.2"
    "@noble/secp256k1" "1.7.1"
    aes-js "4.0.0-beta.3"
    tslib "2.4.0"
    ws "8.5.0"

kleur@^3.0.3:
  version "3.0.3"
  resolved "https://registry.npmjs.org/kleur/-/kleur-3.0.3.tgz"
  integrity sha512-eTIzlVOSUR+JxdDFepEYcBMtZ9Qqdef+rnzWdRZuMbOywu5tO2w2N7rqjoANZ5k9vywhL6Br1VRjUIgTQx4E8w==

prompts@^2.4.2:
  version "2.4.2"
  resolved "https://registry.npmjs.org/prompts/-/prompts-2.4.2.tgz"
  integrity sha512-NxNv/kLguCA7p3jE8oL2aEBsrJWgAakBpgmgK6lpPWV+WuOmY6r2/zbAVnP+T8bQlA0nzHXSJSJW0Hq7ylaD2Q==
  dependencies:
    kleur "^3.0.3"
    sisteransi "^1.0.5"

sisteransi@^1.0.5:
  version "1.0.5"
  resolved "https://registry.npmjs.org/sisteransi/-/sisteransi-1.0.5.tgz"
  integrity sha512-bLGGlR1QxBcynn2d5YmDX4MGjlZvy2MRBDRNHLJ8VI6l6+9FUiyTFNJ0IveOSP0bcXgVDPRcfGqA0pjaqUpfVg==

tslib@2.4.0:
  version "2.4.0"
  resolved "https://registry.npmjs.org/tslib/-/tslib-2.4.0.tgz"
  integrity sha512-d6xOpEDfsi2CZVlPQzGeux8XMwLT9hssAsaPYExaQMuYskwb+x1x7J371tWlbBdWHroy99KnVB6qIkUbs5X3UQ==

typescript@^5.0.4:
  version "5.0.4"
  resolved "https://registry.npmjs.org/typescript/-/typescript-5.0.4.tgz"
  integrity sha512-cW9T5W9xY37cc+jfEnaUvX91foxtHkza3Nw3wkoF4sSlKn0MONdkdEndig/qPBWXNkmplh3NzayQzCiHM4/hqw==

ws@8.5.0:
  version "8.5.0"
  resolved "https://registry.npmjs.org/ws/-/ws-8.5.0.tgz"
  integrity sha512-BWX0SWVgLPzYwF8lTzEy1egjhS4S4OEAHfsO8o65WOVsrnSRGaSiUaa9e0ggGlkMTtBlmOpEXiie9RUcBO86qg==

yaml@^2.2.1:
  version "2.2.1"
  resolved "https://registry.npmjs.org/yaml/-/yaml-2.2.1.tgz"
  integrity sha512-e0WHiYql7+9wr4cWMx3TVQrNwejKaEe7/rHNmQmqRjazfOP5W8PB6Jpebb5o6fIapbz9o9+2ipcaTM2ZwDI6lw==
